// !$*UTF8*$!
{
	archiveVersion = 1;
	classes = {
	};
	objectVersion = 50;
	objects = {

/* Begin PBXBuildFile section */
		186E314A22FC90E500FD0FD9 /* AppDelegate.swift in Sources */ = {isa = PBXBuildFile; fileRef = 186E314922FC90E500FD0FD9 /* AppDelegate.swift */; };
		186E314C22FC90E500FD0FD9 /* ViewController.swift in Sources */ = {isa = PBXBuildFile; fileRef = 186E314B22FC90E500FD0FD9 /* ViewController.swift */; };
		186E314F22FC90E500FD0FD9 /* Main.storyboard in Resources */ = {isa = PBXBuildFile; fileRef = 186E314D22FC90E500FD0FD9 /* Main.storyboard */; };
		186E315122FC90E600FD0FD9 /* Assets.xcassets in Resources */ = {isa = PBXBuildFile; fileRef = 186E315022FC90E600FD0FD9 /* Assets.xcassets */; };
		186E315422FC90E600FD0FD9 /* LaunchScreen.storyboard in Resources */ = {isa = PBXBuildFile; fileRef = 186E315222FC90E600FD0FD9 /* LaunchScreen.storyboard */; };
		186E315F22FC90E700FD0FD9 /* KWKStoryboard2Tests.swift in Sources */ = {isa = PBXBuildFile; fileRef = 186E315E22FC90E700FD0FD9 /* KWKStoryboard2Tests.swift */; };
		186E316A22FC90E700FD0FD9 /* KWKStoryboard2UITests.swift in Sources */ = {isa = PBXBuildFile; fileRef = 186E316922FC90E700FD0FD9 /* KWKStoryboard2UITests.swift */; };
/* End PBXBuildFile section */

/* Begin PBXContainerItemProxy section */
		186E315B22FC90E700FD0FD9 /* PBXContainerItemProxy */ = {
			isa = PBXContainerItemProxy;
			containerPortal = 186E313E22FC90E500FD0FD9 /* Project object */;
			proxyType = 1;
			remoteGlobalIDString = 186E314522FC90E500FD0FD9;
			remoteInfo = KWKStoryboard2;
		};
		186E316622FC90E700FD0FD9 /* PBXContainerItemProxy */ = {
			isa = PBXContainerItemProxy;
			containerPortal = 186E313E22FC90E500FD0FD9 /* Project object */;
			proxyType = 1;
			remoteGlobalIDString = 186E314522FC90E500FD0FD9;
			remoteInfo = KWKStoryboard2;
		};
/* End PBXContainerItemProxy section */

/* Begin PBXFileReference section */
		186E314622FC90E500FD0FD9 /* KWKStoryboard2.app */ = {isa = PBXFileReference; explicitFileType = wrapper.application; includeInIndex = 0; path = KWKStoryboard2.app; sourceTree = BUILT_PRODUCTS_DIR; };
		186E314922FC90E500FD0FD9 /* AppDelegate.swift */ = {isa = PBXFileReference; lastKnownFileType = sourcecode.swift; path = AppDelegate.swift; sourceTree = "<group>"; };
		186E314B22FC90E500FD0FD9 /* ViewController.swift */ = {isa = PBXFileReference; lastKnownFileType = sourcecode.swift; path = ViewController.swift; sourceTree = "<group>"; };
		186E314E22FC90E500FD0FD9 /* Base */ = {isa = PBXFileReference; lastKnownFileType = file.storyboard; name = Base; path = Base.lproj/Main.storyboard; sourceTree = "<group>"; };
		186E315022FC90E600FD0FD9 /* Assets.xcassets */ = {isa = PBXFileReference; lastKnownFileType = folder.assetcatalog; path = Assets.xcassets; sourceTree = "<group>"; };
		186E315322FC90E600FD0FD9 /* Base */ = {isa = PBXFileReference; lastKnownFileType = file.storyboard; name = Base; path = Base.lproj/LaunchScreen.storyboard; sourceTree = "<group>"; };
		186E315522FC90E600FD0FD9 /* Info.plist */ = {isa = PBXFileReference; lastKnownFileType = text.plist.xml; path = Info.plist; sourceTree = "<group>"; };
		186E315A22FC90E700FD0FD9 /* KWKStoryboard2Tests.xctest */ = {isa = PBXFileReference; explicitFileType = wrapper.cfbundle; includeInIndex = 0; path = KWKStoryboard2Tests.xctest; sourceTree = BUILT_PRODUCTS_DIR; };
		186E315E22FC90E700FD0FD9 /* KWKStoryboard2Tests.swift */ = {isa = PBXFileReference; lastKnownFileType = sourcecode.swift; path = KWKStoryboard2Tests.swift; sourceTree = "<group>"; };
		186E316022FC90E700FD0FD9 /* Info.plist */ = {isa = PBXFileReference; lastKnownFileType = text.plist.xml; path = Info.plist; sourceTree = "<group>"; };
		186E316522FC90E700FD0FD9 /* KWKStoryboard2UITests.xctest */ = {isa = PBXFileReference; explicitFileType = wrapper.cfbundle; includeInIndex = 0; path = KWKStoryboard2UITests.xctest; sourceTree = BUILT_PRODUCTS_DIR; };
		186E316922FC90E700FD0FD9 /* KWKStoryboard2UITests.swift */ = {isa = PBXFileReference; lastKnownFileType = sourcecode.swift; path = KWKStoryboard2UITests.swift; sourceTree = "<group>"; };
		186E316B22FC90E700FD0FD9 /* Info.plist */ = {isa = PBXFileReference; lastKnownFileType = text.plist.xml; path = Info.plist; sourceTree = "<group>"; };
/* End PBXFileReference section */

/* Begin PBXFrameworksBuildPhase section */
		186E314322FC90E500FD0FD9 /* Frameworks */ = {
			isa = PBXFrameworksBuildPhase;
			buildActionMask = 2147483647;
			files = (
			);
			runOnlyForDeploymentPostprocessing = 0;
		};
		186E315722FC90E700FD0FD9 /* Frameworks */ = {
			isa = PBXFrameworksBuildPhase;
			buildActionMask = 2147483647;
			files = (
			);
			runOnlyForDeploymentPostprocessing = 0;
		};
		186E316222FC90E700FD0FD9 /* Frameworks */ = {
			isa = PBXFrameworksBuildPhase;
			buildActionMask = 2147483647;
			files = (
			);
			runOnlyForDeploymentPostprocessing = 0;
		};
/* End PBXFrameworksBuildPhase section */

/* Begin PBXGroup section */
		186E313D22FC90E500FD0FD9 = {
			isa = PBXGroup;
			children = (
				186E314822FC90E500FD0FD9 /* KWKStoryboard2 */,
				186E315D22FC90E700FD0FD9 /* KWKStoryboard2Tests */,
				186E316822FC90E700FD0FD9 /* KWKStoryboard2UITests */,
				186E314722FC90E500FD0FD9 /* Products */,
			);
			sourceTree = "<group>";
		};
		186E314722FC90E500FD0FD9 /* Products */ = {
			isa = PBXGroup;
			children = (
				186E314622FC90E500FD0FD9 /* KWKStoryboard2.app */,
				186E315A22FC90E700FD0FD9 /* KWKStoryboard2Tests.xctest */,
				186E316522FC90E700FD0FD9 /* KWKStoryboard2UITests.xctest */,
			);
			name = Products;
			sourceTree = "<group>";
		};
		186E314822FC90E500FD0FD9 /* KWKStoryboard2 */ = {
			isa = PBXGroup;
			children = (
				186E314922FC90E500FD0FD9 /* AppDelegate.swift */,
				186E314B22FC90E500FD0FD9 /* ViewController.swift */,
				186E314D22FC90E500FD0FD9 /* Main.storyboard */,
				186E315022FC90E600FD0FD9 /* Assets.xcassets */,
				186E315222FC90E600FD0FD9 /* LaunchScreen.storyboard */,
				186E315522FC90E600FD0FD9 /* Info.plist */,
			);
			path = KWKStoryboard2;
			sourceTree = "<group>";
		};
		186E315D22FC90E700FD0FD9 /* KWKStoryboard2Tests */ = {
			isa = PBXGroup;
			children = (
				186E315E22FC90E700FD0FD9 /* KWKStoryboard2Tests.swift */,
				186E316022FC90E700FD0FD9 /* Info.plist */,
			);
			path = KWKStoryboard2Tests;
			sourceTree = "<group>";
		};
		186E316822FC90E700FD0FD9 /* KWKStoryboard2UITests */ = {
			isa = PBXGroup;
			children = (
				186E316922FC90E700FD0FD9 /* KWKStoryboard2UITests.swift */,
				186E316B22FC90E700FD0FD9 /* Info.plist */,
			);
			path = KWKStoryboard2UITests;
			sourceTree = "<group>";
		};
/* End PBXGroup section */

/* Begin PBXNativeTarget section */
		186E314522FC90E500FD0FD9 /* KWKStoryboard2 */ = {
			isa = PBXNativeTarget;
			buildConfigurationList = 186E316E22FC90E700FD0FD9 /* Build configuration list for PBXNativeTarget "KWKStoryboard2" */;
			buildPhases = (
				186E314222FC90E500FD0FD9 /* Sources */,
				186E314322FC90E500FD0FD9 /* Frameworks */,
				186E314422FC90E500FD0FD9 /* Resources */,
			);
			buildRules = (
			);
			dependencies = (
			);
			name = KWKStoryboard2;
			productName = KWKStoryboard2;
			productReference = 186E314622FC90E500FD0FD9 /* KWKStoryboard2.app */;
			productType = "com.apple.product-type.application";
		};
		186E315922FC90E700FD0FD9 /* KWKStoryboard2Tests */ = {
			isa = PBXNativeTarget;
			buildConfigurationList = 186E317122FC90E700FD0FD9 /* Build configuration list for PBXNativeTarget "KWKStoryboard2Tests" */;
			buildPhases = (
				186E315622FC90E700FD0FD9 /* Sources */,
				186E315722FC90E700FD0FD9 /* Frameworks */,
				186E315822FC90E700FD0FD9 /* Resources */,
			);
			buildRules = (
			);
			dependencies = (
				186E315C22FC90E700FD0FD9 /* PBXTargetDependency */,
			);
			name = KWKStoryboard2Tests;
			productName = KWKStoryboard2Tests;
			productReference = 186E315A22FC90E700FD0FD9 /* KWKStoryboard2Tests.xctest */;
			productType = "com.apple.product-type.bundle.unit-test";
		};
		186E316422FC90E700FD0FD9 /* KWKStoryboard2UITests */ = {
			isa = PBXNativeTarget;
			buildConfigurationList = 186E317422FC90E700FD0FD9 /* Build configuration list for PBXNativeTarget "KWKStoryboard2UITests" */;
			buildPhases = (
				186E316122FC90E700FD0FD9 /* Sources */,
				186E316222FC90E700FD0FD9 /* Frameworks */,
				186E316322FC90E700FD0FD9 /* Resources */,
			);
			buildRules = (
			);
			dependencies = (
				186E316722FC90E700FD0FD9 /* PBXTargetDependency */,
			);
			name = KWKStoryboard2UITests;
			productName = KWKStoryboard2UITests;
			productReference = 186E316522FC90E700FD0FD9 /* KWKStoryboard2UITests.xctest */;
			productType = "com.apple.product-type.bundle.ui-testing";
		};
/* End PBXNativeTarget section */

/* Begin PBXProject section */
		186E313E22FC90E500FD0FD9 /* Project object */ = {
			isa = PBXProject;
			attributes = {
				LastSwiftUpdateCheck = 1020;
				LastUpgradeCheck = 1020;
				ORGANIZATIONNAME = Apple;
				TargetAttributes = {
					186E314522FC90E500FD0FD9 = {
						CreatedOnToolsVersion = 10.2.1;
					};
					186E315922FC90E700FD0FD9 = {
						CreatedOnToolsVersion = 10.2.1;
						TestTargetID = 186E314522FC90E500FD0FD9;
					};
					186E316422FC90E700FD0FD9 = {
						CreatedOnToolsVersion = 10.2.1;
						TestTargetID = 186E314522FC90E500FD0FD9;
					};
				};
			};
			buildConfigurationList = 186E314122FC90E500FD0FD9 /* Build configuration list for PBXProject "KWKStoryboard2" */;
			compatibilityVersion = "Xcode 9.3";
			developmentRegion = en;
			hasScannedForEncodings = 0;
			knownRegions = (
				en,
				Base,
			);
			mainGroup = 186E313D22FC90E500FD0FD9;
			productRefGroup = 186E314722FC90E500FD0FD9 /* Products */;
			projectDirPath = "";
			projectRoot = "";
			targets = (
				186E314522FC90E500FD0FD9 /* KWKStoryboard2 */,
				186E315922FC90E700FD0FD9 /* KWKStoryboard2Tests */,
				186E316422FC90E700FD0FD9 /* KWKStoryboard2UITests */,
			);
		};
/* End PBXProject section */

/* Begin PBXResourcesBuildPhase section */
		186E314422FC90E500FD0FD9 /* Resources */ = {
			isa = PBXResourcesBuildPhase;
			buildActionMask = 2147483647;
			files = (
				186E315422FC90E600FD0FD9 /* LaunchScreen.storyboard in Resources */,
				186E315122FC90E600FD0FD9 /* Assets.xcassets in Resources */,
				186E314F22FC90E500FD0FD9 /* Main.storyboard in Resources */,
			);
			runOnlyForDeploymentPostprocessing = 0;
		};
		186E315822FC90E700FD0FD9 /* Resources */ = {
			isa = PBXResourcesBuildPhase;
			buildActionMask = 2147483647;
			files = (
			);
			runOnlyForDeploymentPostprocessing = 0;
		};
		186E316322FC90E700FD0FD9 /* Resources */ = {
			isa = PBXResourcesBuildPhase;
			buildActionMask = 2147483647;
			files = (
			);
			runOnlyForDeploymentPostprocessing = 0;
		};
/* End PBXResourcesBuildPhase section */

/* Begin PBXSourcesBuildPhase section */
		186E314222FC90E500FD0FD9 /* Sources */ = {
			isa = PBXSourcesBuildPhase;
			buildActionMask = 2147483647;
			files = (
				186E314C22FC90E500FD0FD9 /* ViewController.swift in Sources */,
				186E314A22FC90E500FD0FD9 /* AppDelegate.swift in Sources */,
			);
			runOnlyForDeploymentPostprocessing = 0;
		};
		186E315622FC90E700FD0FD9 /* Sources */ = {
			isa = PBXSourcesBuildPhase;
			buildActionMask = 2147483647;
			files = (
				186E315F22FC90E700FD0FD9 /* KWKStoryboard2Tests.swift in Sources */,
			);
			runOnlyForDeploymentPostprocessing = 0;
		};
		186E316122FC90E700FD0FD9 /* Sources */ = {
			isa = PBXSourcesBuildPhase;
			buildActionMask = 2147483647;
			files = (
				186E316A22FC90E700FD0FD9 /* KWKStoryboard2UITests.swift in Sources */,
			);
			runOnlyForDeploymentPostprocessing = 0;
		};
/* End PBXSourcesBuildPhase section */

/* Begin PBXTargetDependency section */
		186E315C22FC90E700FD0FD9 /* PBXTargetDependency */ = {
			isa = PBXTargetDependency;
			target = 186E314522FC90E500FD0FD9 /* KWKStoryboard2 */;
			targetProxy = 186E315B22FC90E700FD0FD9 /* PBXContainerItemProxy */;
		};
		186E316722FC90E700FD0FD9 /* PBXTargetDependency */ = {
			isa = PBXTargetDependency;
			target = 186E314522FC90E500FD0FD9 /* KWKStoryboard2 */;
			targetProxy = 186E316622FC90E700FD0FD9 /* PBXContainerItemProxy */;
		};
/* End PBXTargetDependency section */

/* Begin PBXVariantGroup section */
		186E314D22FC90E500FD0FD9 /* Main.storyboard */ = {
			isa = PBXVariantGroup;
			children = (
				186E314E22FC90E500FD0FD9 /* Base */,
			);
			name = Main.storyboard;
			sourceTree = "<group>";
		};
		186E315222FC90E600FD0FD9 /* LaunchScreen.storyboard */ = {
			isa = PBXVariantGroup;
			children = (
				186E315322FC90E600FD0FD9 /* Base */,
			);
			name = LaunchScreen.storyboard;
			sourceTree = "<group>";
		};
/* End PBXVariantGroup section */

/* Begin XCBuildConfiguration section */
		186E316C22FC90E700FD0FD9 /* Debug */ = {
			isa = XCBuildConfiguration;
			buildSettings = {
				ALWAYS_SEARCH_USER_PATHS = NO;
				CLANG_ANALYZER_NONNULL = YES;
				CLANG_ANALYZER_NUMBER_OBJECT_CONVERSION = YES_AGGRESSIVE;
				CLANG_CXX_LANGUAGE_STANDARD = "gnu++14";
				CLANG_CXX_LIBRARY = "libc++";
				CLANG_ENABLE_MODULES = YES;
				CLANG_ENABLE_OBJC_ARC = YES;
				CLANG_ENABLE_OBJC_WEAK = YES;
				CLANG_WARN_BLOCK_CAPTURE_AUTORELEASING = YES;
				CLANG_WARN_BOOL_CONVERSION = YES;
				CLANG_WARN_COMMA = YES;
				CLANG_WARN_CONSTANT_CONVERSION = YES;
				CLANG_WARN_DEPRECATED_OBJC_IMPLEMENTATIONS = YES;
				CLANG_WARN_DIRECT_OBJC_ISA_USAGE = YES_ERROR;
				CLANG_WARN_DOCUMENTATION_COMMENTS = YES;
				CLANG_WARN_EMPTY_BODY = YES;
				CLANG_WARN_ENUM_CONVERSION = YES;
				CLANG_WARN_INFINITE_RECURSION = YES;
				CLANG_WARN_INT_CONVERSION = YES;
				CLANG_WARN_NON_LITERAL_NULL_CONVERSION = YES;
				CLANG_WARN_OBJC_IMPLICIT_RETAIN_SELF = YES;
				CLANG_WARN_OBJC_LITERAL_CONVERSION = YES;
				CLANG_WARN_OBJC_ROOT_CLASS = YES_ERROR;
				CLANG_WARN_RANGE_LOOP_ANALYSIS = YES;
				CLANG_WARN_STRICT_PROTOTYPES = YES;
				CLANG_WARN_SUSPICIOUS_MOVE = YES;
				CLANG_WARN_UNGUARDED_AVAILABILITY = YES_AGGRESSIVE;
				CLANG_WARN_UNREACHABLE_CODE = YES;
				CLANG_WARN__DUPLICATE_METHOD_MATCH = YES;
				CODE_SIGN_IDENTITY = "iPhone Developer";
				COPY_PHASE_STRIP = NO;
				DEBUG_INFORMATION_FORMAT = dwarf;
				ENABLE_STRICT_OBJC_MSGSEND = YES;
				ENABLE_TESTABILITY = YES;
				GCC_C_LANGUAGE_STANDARD = gnu11;
				GCC_DYNAMIC_NO_PIC = NO;
				GCC_NO_COMMON_BLOCKS = YES;
				GCC_OPTIMIZATION_LEVEL = 0;
				GCC_PREPROCESSOR_DEFINITIONS = (
					"DEBUG=1",
					"$(inherited)",
				);
				GCC_WARN_64_TO_32_BIT_CONVERSION = YES;
				GCC_WARN_ABOUT_RETURN_TYPE = YES_ERROR;
				GCC_WARN_UNDECLARED_SELECTOR = YES;
				GCC_WARN_UNINITIALIZED_AUTOS = YES_AGGRESSIVE;
				GCC_WARN_UNUSED_FUNCTION = YES;
				GCC_WARN_UNUSED_VARIABLE = YES;
				IPHONEOS_DEPLOYMENT_TARGET = 12.2;
				MTL_ENABLE_DEBUG_INFO = INCLUDE_SOURCE;
				MTL_FAST_MATH = YES;
				ONLY_ACTIVE_ARCH = YES;
				SDKROOT = iphoneos;
				SWIFT_ACTIVE_COMPILATION_CONDITIONS = DEBUG;
				SWIFT_OPTIMIZATION_LEVEL = "-Onone";
			};
			name = Debug;
		};
		186E316D22FC90E700FD0FD9 /* Release */ = {
			isa = XCBuildConfiguration;
			buildSettings = {
				ALWAYS_SEARCH_USER_PATHS = NO;
				CLANG_ANALYZER_NONNULL = YES;
				CLANG_ANALYZER_NUMBER_OBJECT_CONVERSION = YES_AGGRESSIVE;
				CLANG_CXX_LANGUAGE_STANDARD = "gnu++14";
				CLANG_CXX_LIBRARY = "libc++";
				CLANG_ENABLE_MODULES = YES;
				CLANG_ENABLE_OBJC_ARC = YES;
				CLANG_ENABLE_OBJC_WEAK = YES;
				CLANG_WARN_BLOCK_CAPTURE_AUTORELEASING = YES;
				CLANG_WARN_BOOL_CONVERSION = YES;
				CLANG_WARN_COMMA = YES;
				CLANG_WARN_CONSTANT_CONVERSION = YES;
				CLANG_WARN_DEPRECATED_OBJC_IMPLEMENTATIONS = YES;
				CLANG_WARN_DIRECT_OBJC_ISA_USAGE = YES_ERROR;
				CLANG_WARN_DOCUMENTATION_COMMENTS = YES;
				CLANG_WARN_EMPTY_BODY = YES;
				CLANG_WARN_ENUM_CONVERSION = YES;
				CLANG_WARN_INFINITE_RECURSION = YES;
				CLANG_WARN_INT_CONVERSION = YES;
				CLANG_WARN_NON_LITERAL_NULL_CONVERSION = YES;
				CLANG_WARN_OBJC_IMPLICIT_RETAIN_SELF = YES;
				CLANG_WARN_OBJC_LITERAL_CONVERSION = YES;
				CLANG_WARN_OBJC_ROOT_CLASS = YES_ERROR;
				CLANG_WARN_RANGE_LOOP_ANALYSIS = YES;
				CLANG_WARN_STRICT_PROTOTYPES = YES;
				CLANG_WARN_SUSPICIOUS_MOVE = YES;
				CLANG_WARN_UNGUARDED_AVAILABILITY = YES_AGGRESSIVE;
				CLANG_WARN_UNREACHABLE_CODE = YES;
				CLANG_WARN__DUPLICATE_METHOD_MATCH = YES;
				CODE_SIGN_IDENTITY = "iPhone Developer";
				COPY_PHASE_STRIP = NO;
				DEBUG_INFORMATION_FORMAT = "dwarf-with-dsym";
				ENABLE_NS_ASSERTIONS = NO;
				ENABLE_STRICT_OBJC_MSGSEND = YES;
				GCC_C_LANGUAGE_STANDARD = gnu11;
				GCC_NO_COMMON_BLOCKS = YES;
				GCC_WARN_64_TO_32_BIT_CONVERSION = YES;
				GCC_WARN_ABOUT_RETURN_TYPE = YES_ERROR;
				GCC_WARN_UNDECLARED_SELECTOR = YES;
				GCC_WARN_UNINITIALIZED_AUTOS = YES_AGGRESSIVE;
				GCC_WARN_UNUSED_FUNCTION = YES;
				GCC_WARN_UNUSED_VARIABLE = YES;
				IPHONEOS_DEPLOYMENT_TARGET = 12.2;
				MTL_ENABLE_DEBUG_INFO = NO;
				MTL_FAST_MATH = YES;
				SDKROOT = iphoneos;
				SWIFT_COMPILATION_MODE = wholemodule;
				SWIFT_OPTIMIZATION_LEVEL = "-O";
				VALIDATE_PRODUCT = YES;
			};
			name = Release;
		};
		186E316F22FC90E700FD0FD9 /* Debug */ = {
			isa = XCBuildConfiguration;
			buildSettings = {
				ASSETCATALOG_COMPILER_APPICON_NAME = AppIcon;
				CODE_SIGN_STYLE = Automatic;
				INFOPLIST_FILE = KWKStoryboard2/Info.plist;
				LD_RUNPATH_SEARCH_PATHS = (
					"$(inherited)",
					"@executable_path/Frameworks",
				);
				PRODUCT_BUNDLE_IDENTIFIER = Annelise.KWKStoryboard2;
				PRODUCT_NAME = "$(TARGET_NAME)";
				SWIFT_VERSION = 5.0;
				TARGETED_DEVICE_FAMILY = "1,2";
			};
			name = Debug;
		};
		186E317022FC90E700FD0FD9 /* Release */ = {
			isa = XCBuildConfiguration;
			buildSettings = {
				ASSETCATALOG_COMPILER_APPICON_NAME = AppIcon;
				CODE_SIGN_STYLE = Automatic;
				INFOPLIST_FILE = KWKStoryboard2/Info.plist;
				LD_RUNPATH_SEARCH_PATHS = (
					"$(inherited)",
					"@executable_path/Frameworks",
				);
				PRODUCT_BUNDLE_IDENTIFIER = Annelise.KWKStoryboard2;
				PRODUCT_NAME = "$(TARGET_NAME)";
				SWIFT_VERSION = 5.0;
				TARGETED_DEVICE_FAMILY = "1,2";
			};
			name = Release;
		};
		186E317222FC90E700FD0FD9 /* Debug */ = {
			isa = XCBuildConfiguration;
			buildSettings = {
				ALWAYS_EMBED_SWIFT_STANDARD_LIBRARIES = YES;
				BUNDLE_LOADER = "$(TEST_HOST)";
				CODE_SIGN_STYLE = Automatic;
				INFOPLIST_FILE = KWKStoryboard2Tests/Info.plist;
				LD_RUNPATH_SEARCH_PATHS = (
					"$(inherited)",
					"@executable_path/Frameworks",
					"@loader_path/Frameworks",
				);
				PRODUCT_BUNDLE_IDENTIFIER = Annelise.KWKStoryboard2Tests;
				PRODUCT_NAME = "$(TARGET_NAME)";
				SWIFT_VERSION = 5.0;
				TARGETED_DEVICE_FAMILY = "1,2";
				TEST_HOST = "$(BUILT_PRODUCTS_DIR)/KWKStoryboard2.app/KWKStoryboard2";
			};
			name = Debug;
		};
		186E317322FC90E700FD0FD9 /* Release */ = {
			isa = XCBuildConfiguration;
			buildSettings = {
				ALWAYS_EMBED_SWIFT_STANDARD_LIBRARIES = YES;
				BUNDLE_LOADER = "$(TEST_HOST)";
				CODE_SIGN_STYLE = Automatic;
				INFOPLIST_FILE = KWKStoryboard2Tests/Info.plist;
				LD_RUNPATH_SEARCH_PATHS = (
					"$(inherited)",
					"@executable_path/Frameworks",
					"@loader_path/Frameworks",
				);
				PRODUCT_BUNDLE_IDENTIFIER = Annelise.KWKStoryboard2Tests;
				PRODUCT_NAME = "$(TARGET_NAME)";
				SWIFT_VERSION = 5.0;
				TARGETED_DEVICE_FAMILY = "1,2";
				TEST_HOST = "$(BUILT_PRODUCTS_DIR)/KWKStoryboard2.app/KWKStoryboard2";
			};
			name = Release;
		};
		186E317522FC90E700FD0FD9 /* Debug */ = {
			isa = XCBuildConfiguration;
			buildSettings = {
				ALWAYS_EMBED_SWIFT_STANDARD_LIBRARIES = YES;
				CODE_SIGN_STYLE = Automatic;
				INFOPLIST_FILE = KWKStoryboard2UITests/Info.plist;
				LD_RUNPATH_SEARCH_PATHS = (
					"$(inherited)",
					"@executable_path/Frameworks",
					"@loader_path/Frameworks",
				);
				PRODUCT_BUNDLE_IDENTIFIER = Annelise.KWKStoryboard2UITests;
				PRODUCT_NAME = "$(TARGET_NAME)";
				SWIFT_VERSION = 5.0;
				TARGETED_DEVICE_FAMILY = "1,2";
				TEST_TARGET_NAME = KWKStoryboard2;
			};
			name = Debug;
		};
		186E317622FC90E700FD0FD9 /* Release */ = {
			isa = XCBuildConfiguration;
			buildSettings = {
				ALWAYS_EMBED_SWIFT_STANDARD_LIBRARIES = YES;
				CODE_SIGN_STYLE = Automatic;
				INFOPLIST_FILE = KWKStoryboard2UITests/Info.plist;
				LD_RUNPATH_SEARCH_PATHS = (
					"$(inherited)",
					"@executable_path/Frameworks",
					"@loader_path/Frameworks",
				);
				PRODUCT_BUNDLE_IDENTIFIER = Annelise.KWKStoryboard2UITests;
				PRODUCT_NAME = "$(TARGET_NAME)";
				SWIFT_VERSION = 5.0;
				TARGETED_DEVICE_FAMILY = "1,2";
				TEST_TARGET_NAME = KWKStoryboard2;
			};
			name = Release;
		};
/* End XCBuildConfiguration section */

/* Begin XCConfigurationList section */
		186E314122FC90E500FD0FD9 /* Build configuration list for PBXProject "KWKStoryboard2" */ = {
			isa = XCConfigurationList;
			buildConfigurations = (
				186E316C22FC90E700FD0FD9 /* Debug */,
				186E316D22FC90E700FD0FD9 /* Release */,
			);
			defaultConfigurationIsVisible = 0;
			defaultConfigurationName = Release;
		};
		186E316E22FC90E700FD0FD9 /* Build configuration list for PBXNativeTarget "KWKStoryboard2" */ = {
			isa = XCConfigurationList;
			buildConfigurations = (
				186E316F22FC90E700FD0FD9 /* Debug */,
				186E317022FC90E700FD0FD9 /* Release */,
			);
			defaultConfigurationIsVisible = 0;
			defaultConfigurationName = Release;
		};
		186E317122FC90E700FD0FD9 /* Build configuration list for PBXNativeTarget "KWKStoryboard2Tests" */ = {
			isa = XCConfigurationList;
			buildConfigurations = (
				186E317222FC90E700FD0FD9 /* Debug */,
				186E317322FC90E700FD0FD9 /* Release */,
			);
			defaultConfigurationIsVisible = 0;
			defaultConfigurationName = Release;
		};
		186E317422FC90E700FD0FD9 /* Build configuration list for PBXNativeTarget "KWKStoryboard2UITests" */ = {
			isa = XCConfigurationList;
			buildConfigurations = (
				186E317522FC90E700FD0FD9 /* Debug */,
				186E317622FC90E700FD0FD9 /* Release */,
			);
			defaultConfigurationIsVisible = 0;
			defaultConfigurationName = Release;
		};
/* End XCConfigurationList section */
	};
	rootObject = 186E313E22FC90E500FD0FD9 /* Project object */;
}
